Microsoft Visual Studio Solution File, Format Version 12.00
# Visual Studio Version 16
VisualStudioVersion = 16.0.30011.22
MinimumVisualStudioVersion = 10.0.40219.1
Project("{FAE04EC0-301F-11D3-BF4B-00C04F79EFBC}") = "Integração WMS", "Integração WMS.csproj", "{BE067A80-E139-4003-84B8-A987926B05F7}"
EndProject
Global
	GlobalSection(SolutionConfigurationPlatforms) = preSolution
		Debug|Any CPU = Debug|Any CPU
		Release|Any CPU = Release|Any CPU
	EndGlobalSection
	GlobalSection(ProjectConfigurationPlatforms) = postSolution
		{BE067A80-E139-4003-84B8-A987926B05F7}.Debug|Any CPU.ActiveCfg = Debug|Any CPU
		{BE067A80-E139-4003-84B8-A987926B05F7}.Debug|Any CPU.Build.0 = Debug|Any CPU
		{BE067A80-E139-4003-84B8-A987926B05F7}.Release|Any CPU.ActiveCfg = Release|Any CPU
		{BE067A80-E139-4003-84B8-A987926B05F7}.Release|Any CPU.Build.0 = Release|Any CPU
	EndGlobalSection
	GlobalSection(SolutionProperties) = preSolution
		HideSolutionNode = FALSE
	EndGlobalSection
	GlobalSection(ExtensibilityGlobals) = postSolution
		SolutionGuid = {87540BE9-31D3-4695-BEF7-45AC039F4E8B}
	EndGlobalSection
EndGlobal
